// !$*UTF8*$!
{
	archiveVersion = 1;
	classes = {
	};
	objectVersion = 46;
	objects = {

/* Begin PBXBuildFile section */
		0C2F3C23425A9D30125AC169 /* libPods-go5.a in Frameworks */ = {isa = PBXBuildFile; fileRef = C06B1A548AFE3BBBC9A8E853 /* libPods-go5.a */; };
		1F00CCC81DC76910003871BB /* registrationViewController.swift in Sources */ = {isa = PBXBuildFile; fileRef = 1F00CCC71DC76910003871BB /* registrationViewController.swift */; };
		1F1F84351DE3B40D001B4E50 /* GoogleService-Info.plist in Resources */ = {isa = PBXBuildFile; fileRef = 1F1F84341DE3B40D001B4E50 /* GoogleService-Info.plist */; };
		1F89DBED1D987B9600397A69 /* AppDelegate.swift in Sources */ = {isa = PBXBuildFile; fileRef = 1F89DBEC1D987B9600397A69 /* AppDelegate.swift */; };
		1F89DBF21D987B9600397A69 /* Main.storyboard in Resources */ = {isa = PBXBuildFile; fileRef = 1F89DBF01D987B9600397A69 /* Main.storyboard */; };
		1F89DBF51D987B9600397A69 /* go5.xcdatamodeld in Sources */ = {isa = PBXBuildFile; fileRef = 1F89DBF31D987B9600397A69 /* go5.xcdatamodeld */; };
		1F89DBF71D987B9600397A69 /* Assets.xcassets in Resources */ = {isa = PBXBuildFile; fileRef = 1F89DBF61D987B9600397A69 /* Assets.xcassets */; };
		1F89DBFA1D987B9600397A69 /* LaunchScreen.storyboard in Resources */ = {isa = PBXBuildFile; fileRef = 1F89DBF81D987B9600397A69 /* LaunchScreen.storyboard */; };
		1F89DC021D988B3200397A69 /* content in Resources */ = {isa = PBXBuildFile; fileRef = 1F89DC011D988B3200397A69 /* content */; };
		1F91B23F1DA993EC00E50B03 /* questionsViewController.swift in Sources */ = {isa = PBXBuildFile; fileRef = 1F91B23E1DA993EC00E50B03 /* questionsViewController.swift */; };
		1F91B2411DA9940E00E50B03 /* questionsCell.swift in Sources */ = {isa = PBXBuildFile; fileRef = 1F91B2401DA9940E00E50B03 /* questionsCell.swift */; };
		1F9523A81D9B238500DD06EF /* ViewController.swift in Sources */ = {isa = PBXBuildFile; fileRef = 1F9523A61D9B238500DD06EF /* ViewController.swift */; };
		1FBCEBE21D99E0B3005EB2D7 /* tabBar.swift in Sources */ = {isa = PBXBuildFile; fileRef = 1FBCEBE11D99E0B3005EB2D7 /* tabBar.swift */; };
		1FFBDDC31D9C9CBE000E2D03 /* settingCell.swift in Sources */ = {isa = PBXBuildFile; fileRef = 1FFBDDC21D9C9CBE000E2D03 /* settingCell.swift */; };
		1FFBDDC51D9C9D1D000E2D03 /* settingViewController.swift in Sources */ = {isa = PBXBuildFile; fileRef = 1FFBDDC41D9C9D1D000E2D03 /* settingViewController.swift */; };
/* End PBXBuildFile section */

/* Begin PBXFileReference section */
		1F00CCC71DC76910003871BB /* registrationViewController.swift */ = {isa = PBXFileReference; fileEncoding = 4; lastKnownFileType = sourcecode.swift; path = registrationViewController.swift; sourceTree = "<group>"; };
		1F1F84341DE3B40D001B4E50 /* GoogleService-Info.plist */ = {isa = PBXFileReference; fileEncoding = 4; lastKnownFileType = text.plist.xml; name = "GoogleService-Info.plist"; path = "../GoogleService-Info.plist"; sourceTree = "<group>"; };
		1F89DBE91D987B9600397A69 /* go5.app */ = {isa = PBXFileReference; explicitFileType = wrapper.application; includeInIndex = 0; path = go5.app; sourceTree = BUILT_PRODUCTS_DIR; };
		1F89DBEC1D987B9600397A69 /* AppDelegate.swift */ = {isa = PBXFileReference; lastKnownFileType = sourcecode.swift; path = AppDelegate.swift; sourceTree = "<group>"; };
		1F89DBF11D987B9600397A69 /* Base */ = {isa = PBXFileReference; lastKnownFileType = file.storyboard; name = Base; path = Base.lproj/Main.storyboard; sourceTree = "<group>"; };
		1F89DBF41D987B9600397A69 /* go5.xcdatamodel */ = {isa = PBXFileReference; lastKnownFileType = wrapper.xcdatamodel; path = go5.xcdatamodel; sourceTree = "<group>"; };
		1F89DBF61D987B9600397A69 /* Assets.xcassets */ = {isa = PBXFileReference; lastKnownFileType = folder.assetcatalog; path = Assets.xcassets; sourceTree = "<group>"; };
		1F89DBF91D987B9600397A69 /* Base */ = {isa = PBXFileReference; lastKnownFileType = file.storyboard; name = Base; path = Base.lproj/LaunchScreen.storyboard; sourceTree = "<group>"; };
		1F89DBFB1D987B9600397A69 /* Info.plist */ = {isa = PBXFileReference; lastKnownFileType = text.plist.xml; path = Info.plist; sourceTree = "<group>"; };
		1F89DC011D988B3200397A69 /* content */ = {isa = PBXFileReference; lastKnownFileType = folder; path = content; sourceTree = "<group>"; };
		1F91B23E1DA993EC00E50B03 /* questionsViewController.swift */ = {isa = PBXFileReference; fileEncoding = 4; lastKnownFileType = sourcecode.swift; path = questionsViewController.swift; sourceTree = "<group>"; };
		1F91B2401DA9940E00E50B03 /* questionsCell.swift */ = {isa = PBXFileReference; fileEncoding = 4; lastKnownFileType = sourcecode.swift; path = questionsCell.swift; sourceTree = "<group>"; };
		1F9523A61D9B238500DD06EF /* ViewController.swift */ = {isa = PBXFileReference; fileEncoding = 4; lastKnownFileType = sourcecode.swift; path = ViewController.swift; sourceTree = "<group>"; };
		1FBCEBE11D99E0B3005EB2D7 /* tabBar.swift */ = {isa = PBXFileReference; fileEncoding = 4; lastKnownFileType = sourcecode.swift; path = tabBar.swift; sourceTree = "<group>"; };
		1FFBDDC21D9C9CBE000E2D03 /* settingCell.swift */ = {isa = PBXFileReference; fileEncoding = 4; lastKnownFileType = sourcecode.swift; path = settingCell.swift; sourceTree = "<group>"; };
		1FFBDDC41D9C9D1D000E2D03 /* settingViewController.swift */ = {isa = PBXFileReference; fileEncoding = 4; lastKnownFileType = sourcecode.swift; path = settingViewController.swift; sourceTree = "<group>"; };
		C06B1A548AFE3BBBC9A8E853 /* libPods-go5.a */ = {isa = PBXFileReference; explicitFileType = archive.ar; includeInIndex = 0; path = "libPods-go5.a"; sourceTree = BUILT_PRODUCTS_DIR; };
		DE5942260DF56F8DE42BCF3E /* Pods-go5.release.xcconfig */ = {isa = PBXFileReference; includeInIndex = 1; lastKnownFileType = text.xcconfig; name = "Pods-go5.release.xcconfig"; path = "Pods/Target Support Files/Pods-go5/Pods-go5.release.xcconfig"; sourceTree = "<group>"; };
		E5AE7A5B9EAFCD5296AAB1D2 /* Pods-go5.debug.xcconfig */ = {isa = PBXFileReference; includeInIndex = 1; lastKnownFileType = text.xcconfig; name = "Pods-go5.debug.xcconfig"; path = "Pods/Target Support Files/Pods-go5/Pods-go5.debug.xcconfig"; sourceTree = "<group>"; };
/* End PBXFileReference section */

/* Begin PBXFrameworksBuildPhase section */
		1F89DBE61D987B9600397A69 /* Frameworks */ = {
			isa = PBXFrameworksBuildPhase;
			buildActionMask = 2147483647;
			files = (
				0C2F3C23425A9D30125AC169 /* libPods-go5.a in Frameworks */,
			);
			runOnlyForDeploymentPostprocessing = 0;
		};
/* End PBXFrameworksBuildPhase section */

/* Begin PBXGroup section */
		1F00CCC61DC768D4003871BB /* Registration */ = {
			isa = PBXGroup;
			children = (
				1F00CCC71DC76910003871BB /* registrationViewController.swift */,
			);
			name = Registration;
			sourceTree = "<group>";
		};
		1F89DBE01D987B9600397A69 = {
			isa = PBXGroup;
			children = (
				1F89DC011D988B3200397A69 /* content */,
				1F89DBEB1D987B9600397A69 /* go5 */,
				1F89DBEA1D987B9600397A69 /* Products */,
				6647F8AD12F9D4364EF73814 /* Pods */,
				3F4D9034E65E519EDBD4BF91 /* Frameworks */,
			);
			sourceTree = "<group>";
		};
		1F89DBEA1D987B9600397A69 /* Products */ = {
			isa = PBXGroup;
			children = (
				1F89DBE91D987B9600397A69 /* go5.app */,
			);
			name = Products;
			sourceTree = "<group>";
		};
		1F89DBEB1D987B9600397A69 /* go5 */ = {
			isa = PBXGroup;
			children = (
				1F00CCC61DC768D4003871BB /* Registration */,
				1F91B2471DA9978000E50B03 /* View */,
				1F91B2461DA9976300E50B03 /* Model */,
				1F91B2451DA9975700E50B03 /* Login */,
				1F91B2441DA9972300E50B03 /* Setting */,
				1F91B2431DA996F100E50B03 /* Questions/Tasks */,
				1F89DBFB1D987B9600397A69 /* Info.plist */,
				1F1F84341DE3B40D001B4E50 /* GoogleService-Info.plist */,
				1F89DBF31D987B9600397A69 /* go5.xcdatamodeld */,
			);
			path = go5;
			sourceTree = "<group>";
		};
		1F91B2431DA996F100E50B03 /* Questions/Tasks */ = {
			isa = PBXGroup;
			children = (
				1F91B23E1DA993EC00E50B03 /* questionsViewController.swift */,
				1F91B2401DA9940E00E50B03 /* questionsCell.swift */,
			);
			name = Questions/Tasks;
			sourceTree = "<group>";
		};
		1F91B2441DA9972300E50B03 /* Setting */ = {
			isa = PBXGroup;
			children = (
				1FFBDDC41D9C9D1D000E2D03 /* settingViewController.swift */,
				1FFBDDC21D9C9CBE000E2D03 /* settingCell.swift */,
			);
			name = Setting;
			sourceTree = "<group>";
		};
		1F91B2451DA9975700E50B03 /* Login */ = {
			isa = PBXGroup;
			children = (
				1F9523A61D9B238500DD06EF /* ViewController.swift */,
			);
			name = Login;
			sourceTree = "<group>";
		};
		1F91B2461DA9976300E50B03 /* Model */ = {
			isa = PBXGroup;
			children = (
				1F89DBEC1D987B9600397A69 /* AppDelegate.swift */,
				1FBCEBE11D99E0B3005EB2D7 /* tabBar.swift */,
			);
			name = Model;
			sourceTree = "<group>";
		};
		1F91B2471DA9978000E50B03 /* View */ = {
			isa = PBXGroup;
			children = (
				1F89DBF01D987B9600397A69 /* Main.storyboard */,
				1F89DBF81D987B9600397A69 /* LaunchScreen.storyboard */,
				1F89DBF61D987B9600397A69 /* Assets.xcassets */,
			);
			name = View;
			sourceTree = "<group>";
		};
		3F4D9034E65E519EDBD4BF91 /* Frameworks */ = {
			isa = PBXGroup;
			children = (
				C06B1A548AFE3BBBC9A8E853 /* libPods-go5.a */,
			);
			name = Frameworks;
			sourceTree = "<group>";
		};
		6647F8AD12F9D4364EF73814 /* Pods */ = {
			isa = PBXGroup;
			children = (
				E5AE7A5B9EAFCD5296AAB1D2 /* Pods-go5.debug.xcconfig */,
				DE5942260DF56F8DE42BCF3E /* Pods-go5.release.xcconfig */,
			);
			name = Pods;
			sourceTree = "<group>";
		};
/* End PBXGroup section */

/* Begin PBXNativeTarget section */
		1F89DBE81D987B9600397A69 /* go5 */ = {
			isa = PBXNativeTarget;
			buildConfigurationList = 1F89DBFE1D987B9600397A69 /* Build configuration list for PBXNativeTarget "go5" */;
			buildPhases = (
				56AA3DCF3AA5C998485C35F1 /* [CP] Check Pods Manifest.lock */,
				1F89DBE51D987B9600397A69 /* Sources */,
				1F89DBE61D987B9600397A69 /* Frameworks */,
				1F89DBE71D987B9600397A69 /* Resources */,
				AB48106BE884B0426281729E /* [CP] Embed Pods Frameworks */,
				C6A6452D0EC40088D50AC95C /* [CP] Copy Pods Resources */,
			);
			buildRules = (
			);
			dependencies = (
			);
			name = go5;
			productName = go5;
			productReference = 1F89DBE91D987B9600397A69 /* go5.app */;
			productType = "com.apple.product-type.application";
		};
/* End PBXNativeTarget section */

/* Begin PBXProject section */
		1F89DBE11D987B9600397A69 /* Project object */ = {
			isa = PBXProject;
			attributes = {
				LastSwiftUpdateCheck = 0800;
				LastUpgradeCheck = 0810;
				ORGANIZATIONNAME = "Александр";
				TargetAttributes = {
					1F89DBE81D987B9600397A69 = {
						CreatedOnToolsVersion = 8.0;
						DevelopmentTeam = 84V739CU2U;
						ProvisioningStyle = Automatic;
					};
				};
			};
			buildConfigurationList = 1F89DBE41D987B9600397A69 /* Build configuration list for PBXProject "go5" */;
			compatibilityVersion = "Xcode 3.2";
			developmentRegion = English;
			hasScannedForEncodings = 0;
			knownRegions = (
				en,
				Base,
			);
			mainGroup = 1F89DBE01D987B9600397A69;
			productRefGroup = 1F89DBEA1D987B9600397A69 /* Products */;
			projectDirPath = "";
			projectRoot = "";
			targets = (
				1F89DBE81D987B9600397A69 /* go5 */,
			);
		};
/* End PBXProject section */

/* Begin PBXResourcesBuildPhase section */
		1F89DBE71D987B9600397A69 /* Resources */ = {
			isa = PBXResourcesBuildPhase;
			buildActionMask = 2147483647;
			files = (
				1F89DBFA1D987B9600397A69 /* LaunchScreen.storyboard in Resources */,
				1F89DBF71D987B9600397A69 /* Assets.xcassets in Resources */,
				1F1F84351DE3B40D001B4E50 /* GoogleService-Info.plist in Resources */,
				1F89DC021D988B3200397A69 /* content in Resources */,
				1F89DBF21D987B9600397A69 /* Main.storyboard in Resources */,
			);
			runOnlyForDeploymentPostprocessing = 0;
		};
/* End PBXResourcesBuildPhase section */

/* Begin PBXShellScriptBuildPhase section */
		56AA3DCF3AA5C998485C35F1 /* [CP] Check Pods Manifest.lock */ = {
			isa = PBXShellScriptBuildPhase;
			buildActionMask = 2147483647;
			files = (
			);
			inputPaths = (
			);
			name = "[CP] Check Pods Manifest.lock";
			outputPaths = (
			);
			runOnlyForDeploymentPostprocessing = 0;
			shellPath = /bin/sh;
			shellScript = "diff \"${PODS_ROOT}/../Podfile.lock\" \"${PODS_ROOT}/Manifest.lock\" > /dev/null\nif [ $? != 0 ] ; then\n    # print error to STDERR\n    echo \"error: The sandbox is not in sync with the Podfile.lock. Run 'pod install' or update your CocoaPods installation.\" >&2\n    exit 1\nfi\n";
			showEnvVarsInLog = 0;
		};
		AB48106BE884B0426281729E /* [CP] Embed Pods Frameworks */ = {
			isa = PBXShellScriptBuildPhase;
			buildActionMask = 2147483647;
			files = (
			);
			inputPaths = (
			);
			name = "[CP] Embed Pods Frameworks";
			outputPaths = (
			);
			runOnlyForDeploymentPostprocessing = 0;
			shellPath = /bin/sh;
			shellScript = "\"${SRCROOT}/Pods/Target Support Files/Pods-go5/Pods-go5-frameworks.sh\"\n";
			showEnvVarsInLog = 0;
		};
		C6A6452D0EC40088D50AC95C /* [CP] Copy Pods Resources */ = {
			isa = PBXShellScriptBuildPhase;
			buildActionMask = 2147483647;
			files = (
			);
			inputPaths = (
			);
			name = "[CP] Copy Pods Resources";
			outputPaths = (
			);
			runOnlyForDeploymentPostprocessing = 0;
			shellPath = /bin/sh;
			shellScript = "\"${SRCROOT}/Pods/Target Support Files/Pods-go5/Pods-go5-resources.sh\"\n";
			showEnvVarsInLog = 0;
		};
/* End PBXShellScriptBuildPhase section */

/* Begin PBXSourcesBuildPhase section */
		1F89DBE51D987B9600397A69 /* Sources */ = {
			isa = PBXSourcesBuildPhase;
			buildActionMask = 2147483647;
			files = (
				1FFBDDC31D9C9CBE000E2D03 /* settingCell.swift in Sources */,
				1F91B2411DA9940E00E50B03 /* questionsCell.swift in Sources */,
				1F00CCC81DC76910003871BB /* registrationViewController.swift in Sources */,
				1F89DBED1D987B9600397A69 /* AppDelegate.swift in Sources */,
				1F89DBF51D987B9600397A69 /* go5.xcdatamodeld in Sources */,
				1F9523A81D9B238500DD06EF /* ViewController.swift in Sources */,
				1F91B23F1DA993EC00E50B03 /* questionsViewController.swift in Sources */,
				1FFBDDC51D9C9D1D000E2D03 /* settingViewController.swift in Sources */,
				1FBCEBE21D99E0B3005EB2D7 /* tabBar.swift in Sources */,
			);
			runOnlyForDeploymentPostprocessing = 0;
		};
/* End PBXSourcesBuildPhase section */

/* Begin PBXVariantGroup section */
		1F89DBF01D987B9600397A69 /* Main.storyboard */ = {
			isa = PBXVariantGroup;
			children = (
				1F89DBF11D987B9600397A69 /* Base */,
			);
			name = Main.storyboard;
			sourceTree = "<group>";
		};
		1F89DBF81D987B9600397A69 /* LaunchScreen.storyboard */ = {
			isa = PBXVariantGroup;
			children = (
				1F89DBF91D987B9600397A69 /* Base */,
			);
			name = LaunchScreen.storyboard;
			sourceTree = "<group>";
		};
/* End PBXVariantGroup section */

/* Begin XCBuildConfiguration section */
		1F89DBFC1D987B9600397A69 /* Debug */ = {
			isa = XCBuildConfiguration;
			buildSettings = {
				ALWAYS_SEARCH_USER_PATHS = NO;
				CLANG_ANALYZER_NONNULL = YES;
				CLANG_CXX_LANGUAGE_STANDARD = "gnu++0x";
				CLANG_CXX_LIBRARY = "libc++";
				CLANG_ENABLE_MODULES = YES;
				CLANG_ENABLE_OBJC_ARC = YES;
				CLANG_WARN_BOOL_CONVERSION = YES;
				CLANG_WARN_CONSTANT_CONVERSION = YES;
				CLANG_WARN_DIRECT_OBJC_ISA_USAGE = YES_ERROR;
				CLANG_WARN_DOCUMENTATION_COMMENTS = YES;
				CLANG_WARN_EMPTY_BODY = YES;
				CLANG_WARN_ENUM_CONVERSION = YES;
				CLANG_WARN_INFINITE_RECURSION = YES;
				CLANG_WARN_INT_CONVERSION = YES;
				CLANG_WARN_OBJC_ROOT_CLASS = YES_ERROR;
				CLANG_WARN_SUSPICIOUS_MOVE = YES;
				CLANG_WARN_SUSPICIOUS_MOVES = YES;
				CLANG_WARN_UNREACHABLE_CODE = YES;
				CLANG_WARN__DUPLICATE_METHOD_MATCH = YES;
				"CODE_SIGN_IDENTITY[sdk=iphoneos*]" = "iPhone Developer";
				COPY_PHASE_STRIP = NO;
				DEBUG_INFORMATION_FORMAT = dwarf;
				ENABLE_STRICT_OBJC_MSGSEND = YES;
				ENABLE_TESTABILITY = YES;
				GCC_C_LANGUAGE_STANDARD = gnu99;
				GCC_DYNAMIC_NO_PIC = NO;
				GCC_NO_COMMON_BLOCKS = YES;
				GCC_OPTIMIZATION_LEVEL = 0;
				GCC_PREPROCESSOR_DEFINITIONS = (
					"DEBUG=1",
					"$(inherited)",
				);
				GCC_WARN_64_TO_32_BIT_CONVERSION = YES;
				GCC_WARN_ABOUT_RETURN_TYPE = YES_ERROR;
				GCC_WARN_UNDECLARED_SELECTOR = YES;
				GCC_WARN_UNINITIALIZED_AUTOS = YES_AGGRESSIVE;
				GCC_WARN_UNUSED_FUNCTION = YES;
				GCC_WARN_UNUSED_VARIABLE = YES;
				IPHONEOS_DEPLOYMENT_TARGET = 10.0;
				MTL_ENABLE_DEBUG_INFO = YES;
				ONLY_ACTIVE_ARCH = YES;
				SDKROOT = iphoneos;
				SWIFT_ACTIVE_COMPILATION_CONDITIONS = DEBUG;
				SWIFT_OPTIMIZATION_LEVEL = "-Onone";
			};
			name = Debug;
		};
		1F89DBFD1D987B9600397A69 /* Release */ = {
			isa = XCBuildConfiguration;
			buildSettings = {
				ALWAYS_SEARCH_USER_PATHS = NO;
				CLANG_ANALYZER_NONNULL = YES;
				CLANG_CXX_LANGUAGE_STANDARD = "gnu++0x";
				CLANG_CXX_LIBRARY = "libc++";
				CLANG_ENABLE_MODULES = YES;
				CLANG_ENABLE_OBJC_ARC = YES;
				CLANG_WARN_BOOL_CONVERSION = YES;
				CLANG_WARN_CONSTANT_CONVERSION = YES;
				CLANG_WARN_DIRECT_OBJC_ISA_USAGE = YES_ERROR;
				CLANG_WARN_DOCUMENTATION_COMMENTS = YES;
				CLANG_WARN_EMPTY_BODY = YES;
				CLANG_WARN_ENUM_CONVERSION = YES;
				CLANG_WARN_INFINITE_RECURSION = YES;
				CLANG_WARN_INT_CONVERSION = YES;
				CLANG_WARN_OBJC_ROOT_CLASS = YES_ERROR;
				CLANG_WARN_SUSPICIOUS_MOVE = YES;
				CLANG_WARN_SUSPICIOUS_MOVES = YES;
				CLANG_WARN_UNREACHABLE_CODE = YES;
				CLANG_WARN__DUPLICATE_METHOD_MATCH = YES;
				"CODE_SIGN_IDENTITY[sdk=iphoneos*]" = "iPhone Developer";
				COPY_PHASE_STRIP = NO;
				DEBUG_INFORMATION_FORMAT = "dwarf-with-dsym";
				ENABLE_NS_ASSERTIONS = NO;
				ENABLE_STRICT_OBJC_MSGSEND = YES;
				GCC_C_LANGUAGE_STANDARD = gnu99;
				GCC_NO_COMMON_BLOCKS = YES;
				GCC_WARN_64_TO_32_BIT_CONVERSION = YES;
				GCC_WARN_ABOUT_RETURN_TYPE = YES_ERROR;
				GCC_WARN_UNDECLARED_SELECTOR = YES;
				GCC_WARN_UNINITIALIZED_AUTOS = YES_AGGRESSIVE;
				GCC_WARN_UNUSED_FUNCTION = YES;
				GCC_WARN_UNUSED_VARIABLE = YES;
				IPHONEOS_DEPLOYMENT_TARGET = 10.0;
				MTL_ENABLE_DEBUG_INFO = NO;
				SDKROOT = iphoneos;
				SWIFT_OPTIMIZATION_LEVEL = "-Owholemodule";
				VALIDATE_PRODUCT = YES;
			};
			name = Release;
		};
		1F89DBFF1D987B9600397A69 /* Debug */ = {
			isa = XCBuildConfiguration;
			baseConfigurationReference = E5AE7A5B9EAFCD5296AAB1D2 /* Pods-go5.debug.xcconfig */;
			buildSettings = {
				ASSETCATALOG_COMPILER_APPICON_NAME = AppIcon;
				"CODE_SIGN_IDENTITY[sdk=iphoneos*]" = "iPhone Developer";
				DEVELOPMENT_TEAM = 84V739CU2U;
				INFOPLIST_FILE = go5/Info.plist;
				IPHONEOS_DEPLOYMENT_TARGET = 8.0;
				LD_RUNPATH_SEARCH_PATHS = "$(inherited) @executable_path/Frameworks";
				PRODUCT_BUNDLE_IDENTIFIER = go5.gariken;
				PRODUCT_NAME = "$(TARGET_NAME)";
				SWIFT_VERSION = 3.0;
			};
			name = Debug;
		};
		1F89DC001D987B9600397A69 /* Release */ = {
			isa = XCBuildConfiguration;
			baseConfigurationReference = DE5942260DF56F8DE42BCF3E /* Pods-go5.release.xcconfig */;
			buildSettings = {
				ASSETCATALOG_COMPILER_APPICON_NAME = AppIcon;
				"CODE_SIGN_IDENTITY[sdk=iphoneos*]" = "iPhone Developer";
				DEVELOPMENT_TEAM = 84V739CU2U;
				INFOPLIST_FILE = go5/Info.plist;
				IPHONEOS_DEPLOYMENT_TARGET = 8.0;
				LD_RUNPATH_SEARCH_PATHS = "$(inherited) @executable_path/Frameworks";
				PRODUCT_BUNDLE_IDENTIFIER = go5.gariken;
				PRODUCT_NAME = "$(TARGET_NAME)";
				SWIFT_VERSION = 3.0;
			};
			name = Release;
		};
/* End XCBuildConfiguration section */

/* Begin XCConfigurationList section */
		1F89DBE41D987B9600397A69 /* Build configuration list for PBXProject "go5" */ = {
			isa = XCConfigurationList;
			buildConfigurations = (
				1F89DBFC1D987B9600397A69 /* Debug */,
				1F89DBFD1D987B9600397A69 /* Release */,
			);
			defaultConfigurationIsVisible = 0;
			defaultConfigurationName = Release;
		};
		1F89DBFE1D987B9600397A69 /* Build configuration list for PBXNativeTarget "go5" */ = {
			isa = XCConfigurationList;
			buildConfigurations = (
				1F89DBFF1D987B9600397A69 /* Debug */,
				1F89DC001D987B9600397A69 /* Release */,
			);
			defaultConfigurationIsVisible = 0;
			defaultConfigurationName = Release;
		};
/* End XCConfigurationList section */

/* Begin XCVersionGroup section */
		1F89DBF31D987B9600397A69 /* go5.xcdatamodeld */ = {
			isa = XCVersionGroup;
			children = (
				1F89DBF41D987B9600397A69 /* go5.xcdatamodel */,
			);
			currentVersion = 1F89DBF41D987B9600397A69 /* go5.xcdatamodel */;
			path = go5.xcdatamodeld;
			sourceTree = "<group>";
			versionGroupType = wrapper.xcdatamodel;
		};
/* End XCVersionGroup section */
	};
	rootObject = 1F89DBE11D987B9600397A69 /* Project object */;
}
